// !$*UTF8*$!
{
	archiveVersion = 1;
	classes = {
	};
	objectVersion = 56;
	objects = {

/* Begin PBXBuildFile section */
		863CD27B296936D400C5243C /* CurrencyView.swift in Sources */ = {isa = PBXBuildFile; fileRef = 863CD27A296936D400C5243C /* CurrencyView.swift */; };
		863CD28D2969775B00C5243C /* DefaultDataVM.swift in Sources */ = {isa = PBXBuildFile; fileRef = 863CD28C2969775B00C5243C /* DefaultDataVM.swift */; };
		863CD28F2969C56600C5243C /* Category.swift in Sources */ = {isa = PBXBuildFile; fileRef = 863CD28E2969C56600C5243C /* Category.swift */; };
		867F39FF2969113A0035E096 /* AccountListView.swift in Sources */ = {isa = PBXBuildFile; fileRef = 867F39FE2969113A0035E096 /* AccountListView.swift */; };
		867F3A01296911D20035E096 /* AddAccountView.swift in Sources */ = {isa = PBXBuildFile; fileRef = 867F3A00296911D20035E096 /* AddAccountView.swift */; };
		867F3A03296920220035E096 /* Currency.swift in Sources */ = {isa = PBXBuildFile; fileRef = 867F3A02296920220035E096 /* Currency.swift */; };
		868A856B2972751C0031F29B /* CategoryView.swift in Sources */ = {isa = PBXBuildFile; fileRef = 868A856A2972751C0031F29B /* CategoryView.swift */; };
		86B218C82960311F00EF1CFD /* MyWalletApp.swift in Sources */ = {isa = PBXBuildFile; fileRef = 86B218C72960311F00EF1CFD /* MyWalletApp.swift */; };
		86B218CA2960311F00EF1CFD /* MainView.swift in Sources */ = {isa = PBXBuildFile; fileRef = 86B218C92960311F00EF1CFD /* MainView.swift */; };
		86B218CC2960312100EF1CFD /* Assets.xcassets in Resources */ = {isa = PBXBuildFile; fileRef = 86B218CB2960312100EF1CFD /* Assets.xcassets */; };
		86B218CF2960312100EF1CFD /* Preview Assets.xcassets in Resources */ = {isa = PBXBuildFile; fileRef = 86B218CE2960312100EF1CFD /* Preview Assets.xcassets */; };
		86B218D12960312100EF1CFD /* Persistence.swift in Sources */ = {isa = PBXBuildFile; fileRef = 86B218D02960312100EF1CFD /* Persistence.swift */; };
		86B218D42960312100EF1CFD /* MyWallet.xcdatamodeld in Sources */ = {isa = PBXBuildFile; fileRef = 86B218D22960312100EF1CFD /* MyWallet.xcdatamodeld */; };
		86E80207296167A40044ADF9 /* DashboardView.swift in Sources */ = {isa = PBXBuildFile; fileRef = 86E80206296167A40044ADF9 /* DashboardView.swift */; };
		86E80209296167D70044ADF9 /* ChartView.swift in Sources */ = {isa = PBXBuildFile; fileRef = 86E80208296167D70044ADF9 /* ChartView.swift */; };
		86E8020B296167F50044ADF9 /* AddEntryView.swift in Sources */ = {isa = PBXBuildFile; fileRef = 86E8020A296167F50044ADF9 /* AddEntryView.swift */; };
		86E8020D296168070044ADF9 /* StatView.swift in Sources */ = {isa = PBXBuildFile; fileRef = 86E8020C296168070044ADF9 /* StatView.swift */; };
		86E8020F296168150044ADF9 /* SettingsView.swift in Sources */ = {isa = PBXBuildFile; fileRef = 86E8020E296168150044ADF9 /* SettingsView.swift */; };
		86E802112961C2B40044ADF9 /* SettingItem.swift in Sources */ = {isa = PBXBuildFile; fileRef = 86E802102961C2B40044ADF9 /* SettingItem.swift */; };
		86E80215296885020044ADF9 /* AddTransactionView.swift in Sources */ = {isa = PBXBuildFile; fileRef = 86E80214296885020044ADF9 /* AddTransactionView.swift */; };
/* End PBXBuildFile section */

/* Begin PBXFileReference section */
		863CD27A296936D400C5243C /* CurrencyView.swift */ = {isa = PBXFileReference; lastKnownFileType = sourcecode.swift; path = CurrencyView.swift; sourceTree = "<group>"; };
		863CD28C2969775B00C5243C /* DefaultDataVM.swift */ = {isa = PBXFileReference; lastKnownFileType = sourcecode.swift; path = DefaultDataVM.swift; sourceTree = "<group>"; };
		863CD28E2969C56600C5243C /* Category.swift */ = {isa = PBXFileReference; lastKnownFileType = sourcecode.swift; path = Category.swift; sourceTree = "<group>"; };
		867F39FE2969113A0035E096 /* AccountListView.swift */ = {isa = PBXFileReference; lastKnownFileType = sourcecode.swift; path = AccountListView.swift; sourceTree = "<group>"; };
		867F3A00296911D20035E096 /* AddAccountView.swift */ = {isa = PBXFileReference; lastKnownFileType = sourcecode.swift; path = AddAccountView.swift; sourceTree = "<group>"; };
		867F3A02296920220035E096 /* Currency.swift */ = {isa = PBXFileReference; lastKnownFileType = sourcecode.swift; path = Currency.swift; sourceTree = "<group>"; };
		868A856A2972751C0031F29B /* CategoryView.swift */ = {isa = PBXFileReference; lastKnownFileType = sourcecode.swift; path = CategoryView.swift; sourceTree = "<group>"; };
		86B218C42960311F00EF1CFD /* MyWallet.app */ = {isa = PBXFileReference; explicitFileType = wrapper.application; includeInIndex = 0; path = MyWallet.app; sourceTree = BUILT_PRODUCTS_DIR; };
		86B218C72960311F00EF1CFD /* MyWalletApp.swift */ = {isa = PBXFileReference; lastKnownFileType = sourcecode.swift; path = MyWalletApp.swift; sourceTree = "<group>"; };
		86B218C92960311F00EF1CFD /* MainView.swift */ = {isa = PBXFileReference; lastKnownFileType = sourcecode.swift; path = MainView.swift; sourceTree = "<group>"; };
		86B218CB2960312100EF1CFD /* Assets.xcassets */ = {isa = PBXFileReference; lastKnownFileType = folder.assetcatalog; path = Assets.xcassets; sourceTree = "<group>"; };
		86B218CE2960312100EF1CFD /* Preview Assets.xcassets */ = {isa = PBXFileReference; lastKnownFileType = folder.assetcatalog; path = "Preview Assets.xcassets"; sourceTree = "<group>"; };
		86B218D02960312100EF1CFD /* Persistence.swift */ = {isa = PBXFileReference; lastKnownFileType = sourcecode.swift; path = Persistence.swift; sourceTree = "<group>"; };
		86B218D32960312100EF1CFD /* MyWallet.xcdatamodel */ = {isa = PBXFileReference; lastKnownFileType = wrapper.xcdatamodel; path = MyWallet.xcdatamodel; sourceTree = "<group>"; };
		86E80206296167A40044ADF9 /* DashboardView.swift */ = {isa = PBXFileReference; lastKnownFileType = sourcecode.swift; path = DashboardView.swift; sourceTree = "<group>"; };
		86E80208296167D70044ADF9 /* ChartView.swift */ = {isa = PBXFileReference; lastKnownFileType = sourcecode.swift; path = ChartView.swift; sourceTree = "<group>"; };
		86E8020A296167F50044ADF9 /* AddEntryView.swift */ = {isa = PBXFileReference; lastKnownFileType = sourcecode.swift; path = AddEntryView.swift; sourceTree = "<group>"; };
		86E8020C296168070044ADF9 /* StatView.swift */ = {isa = PBXFileReference; lastKnownFileType = sourcecode.swift; path = StatView.swift; sourceTree = "<group>"; };
		86E8020E296168150044ADF9 /* SettingsView.swift */ = {isa = PBXFileReference; lastKnownFileType = sourcecode.swift; path = SettingsView.swift; sourceTree = "<group>"; };
		86E802102961C2B40044ADF9 /* SettingItem.swift */ = {isa = PBXFileReference; lastKnownFileType = sourcecode.swift; path = SettingItem.swift; sourceTree = "<group>"; };
		86E80214296885020044ADF9 /* AddTransactionView.swift */ = {isa = PBXFileReference; lastKnownFileType = sourcecode.swift; path = AddTransactionView.swift; sourceTree = "<group>"; };
/* End PBXFileReference section */

/* Begin PBXFrameworksBuildPhase section */
		86B218C12960311F00EF1CFD /* Frameworks */ = {
			isa = PBXFrameworksBuildPhase;
			buildActionMask = 2147483647;
			files = (
			);
			runOnlyForDeploymentPostprocessing = 0;
		};
/* End PBXFrameworksBuildPhase section */

/* Begin PBXGroup section */
		863CD27D29694CE000C5243C /* Helper */ = {
			isa = PBXGroup;
			children = (
				86E802102961C2B40044ADF9 /* SettingItem.swift */,
				863CD28E2969C56600C5243C /* Category.swift */,
			);
			path = Helper;
			sourceTree = "<group>";
		};
		863CD27E29694D5800C5243C /* Views */ = {
			isa = PBXGroup;
			children = (
				86B218C92960311F00EF1CFD /* MainView.swift */,
				863CD28129694DC300C5243C /* Dashboard */,
				863CD27F29694D6C00C5243C /* TabViews */,
			);
			path = Views;
			sourceTree = "<group>";
		};
		863CD27F29694D6C00C5243C /* TabViews */ = {
			isa = PBXGroup;
			children = (
				863CD28529694E3000C5243C /* Preference */,
				863CD28429694E1700C5243C /* Statistics */,
				863CD28329694E0700C5243C /* Add */,
				863CD28229694DEE00C5243C /* Chart */,
			);
			path = TabViews;
			sourceTree = "<group>";
		};
		863CD28129694DC300C5243C /* Dashboard */ = {
			isa = PBXGroup;
			children = (
				86E80206296167A40044ADF9 /* DashboardView.swift */,
				86E80214296885020044ADF9 /* AddTransactionView.swift */,
			);
			path = Dashboard;
			sourceTree = "<group>";
		};
		863CD28229694DEE00C5243C /* Chart */ = {
			isa = PBXGroup;
			children = (
				86E80208296167D70044ADF9 /* ChartView.swift */,
			);
			path = Chart;
			sourceTree = "<group>";
		};
		863CD28329694E0700C5243C /* Add */ = {
			isa = PBXGroup;
			children = (
				86E8020A296167F50044ADF9 /* AddEntryView.swift */,
			);
			path = Add;
			sourceTree = "<group>";
		};
		863CD28429694E1700C5243C /* Statistics */ = {
			isa = PBXGroup;
			children = (
				86E8020C296168070044ADF9 /* StatView.swift */,
			);
			path = Statistics;
			sourceTree = "<group>";
		};
		863CD28529694E3000C5243C /* Preference */ = {
			isa = PBXGroup;
			children = (
				86E8020E296168150044ADF9 /* SettingsView.swift */,
				863CD27A296936D400C5243C /* CurrencyView.swift */,
				868A856A2972751C0031F29B /* CategoryView.swift */,
				867F39FE2969113A0035E096 /* AccountListView.swift */,
				867F3A00296911D20035E096 /* AddAccountView.swift */,
			);
			path = Preference;
			sourceTree = "<group>";
		};
		863CD28A296973AA00C5243C /* VMs */ = {
			isa = PBXGroup;
			children = (
				863CD28C2969775B00C5243C /* DefaultDataVM.swift */,
			);
			path = VMs;
			sourceTree = "<group>";
		};
		863CD28B296973BF00C5243C /* Models */ = {
			isa = PBXGroup;
			children = (
				867F3A02296920220035E096 /* Currency.swift */,
			);
			path = Models;
			sourceTree = "<group>";
		};
		86B218BB2960311F00EF1CFD = {
			isa = PBXGroup;
			children = (
				86B218C62960311F00EF1CFD /* MyWallet */,
				86B218C52960311F00EF1CFD /* Products */,
			);
			sourceTree = "<group>";
		};
		86B218C52960311F00EF1CFD /* Products */ = {
			isa = PBXGroup;
			children = (
				86B218C42960311F00EF1CFD /* MyWallet.app */,
			);
			name = Products;
			sourceTree = "<group>";
		};
		86B218C62960311F00EF1CFD /* MyWallet */ = {
			isa = PBXGroup;
			children = (
				86B218C72960311F00EF1CFD /* MyWalletApp.swift */,
				863CD27E29694D5800C5243C /* Views */,
				863CD27D29694CE000C5243C /* Helper */,
				863CD28B296973BF00C5243C /* Models */,
				863CD28A296973AA00C5243C /* VMs */,
				86B218CB2960312100EF1CFD /* Assets.xcassets */,
				86B218D02960312100EF1CFD /* Persistence.swift */,
				86B218D22960312100EF1CFD /* MyWallet.xcdatamodeld */,
				86B218CD2960312100EF1CFD /* Preview Content */,
			);
			path = MyWallet;
			sourceTree = "<group>";
		};
		86B218CD2960312100EF1CFD /* Preview Content */ = {
			isa = PBXGroup;
			children = (
				86B218CE2960312100EF1CFD /* Preview Assets.xcassets */,
			);
			path = "Preview Content";
			sourceTree = "<group>";
		};
/* End PBXGroup section */

/* Begin PBXNativeTarget section */
		86B218C32960311F00EF1CFD /* MyWallet */ = {
			isa = PBXNativeTarget;
			buildConfigurationList = 86B218D72960312100EF1CFD /* Build configuration list for PBXNativeTarget "MyWallet" */;
			buildPhases = (
				86B218C02960311F00EF1CFD /* Sources */,
				86B218C12960311F00EF1CFD /* Frameworks */,
				86B218C22960311F00EF1CFD /* Resources */,
			);
			buildRules = (
			);
			dependencies = (
			);
			name = MyWallet;
			productName = MyWallet;
			productReference = 86B218C42960311F00EF1CFD /* MyWallet.app */;
			productType = "com.apple.product-type.application";
		};
/* End PBXNativeTarget section */

/* Begin PBXProject section */
		86B218BC2960311F00EF1CFD /* Project object */ = {
			isa = PBXProject;
			attributes = {
				BuildIndependentTargetsInParallel = 1;
				LastSwiftUpdateCheck = 1410;
				LastUpgradeCheck = 1410;
				TargetAttributes = {
					86B218C32960311F00EF1CFD = {
						CreatedOnToolsVersion = 14.1;
					};
				};
			};
			buildConfigurationList = 86B218BF2960311F00EF1CFD /* Build configuration list for PBXProject "MyWallet" */;
			compatibilityVersion = "Xcode 14.0";
			developmentRegion = en;
			hasScannedForEncodings = 0;
			knownRegions = (
				en,
				Base,
			);
			mainGroup = 86B218BB2960311F00EF1CFD;
			productRefGroup = 86B218C52960311F00EF1CFD /* Products */;
			projectDirPath = "";
			projectRoot = "";
			targets = (
				86B218C32960311F00EF1CFD /* MyWallet */,
			);
		};
/* End PBXProject section */

/* Begin PBXResourcesBuildPhase section */
		86B218C22960311F00EF1CFD /* Resources */ = {
			isa = PBXResourcesBuildPhase;
			buildActionMask = 2147483647;
			files = (
				86B218CF2960312100EF1CFD /* Preview Assets.xcassets in Resources */,
				86B218CC2960312100EF1CFD /* Assets.xcassets in Resources */,
			);
			runOnlyForDeploymentPostprocessing = 0;
		};
/* End PBXResourcesBuildPhase section */

/* Begin PBXSourcesBuildPhase section */
		86B218C02960311F00EF1CFD /* Sources */ = {
			isa = PBXSourcesBuildPhase;
			buildActionMask = 2147483647;
			files = (
				86B218D42960312100EF1CFD /* MyWallet.xcdatamodeld in Sources */,
				86E80207296167A40044ADF9 /* DashboardView.swift in Sources */,
				86B218D12960312100EF1CFD /* Persistence.swift in Sources */,
				863CD27B296936D400C5243C /* CurrencyView.swift in Sources */,
				86E802112961C2B40044ADF9 /* SettingItem.swift in Sources */,
				86E8020D296168070044ADF9 /* StatView.swift in Sources */,
				86E8020B296167F50044ADF9 /* AddEntryView.swift in Sources */,
				867F3A03296920220035E096 /* Currency.swift in Sources */,
				868A856B2972751C0031F29B /* CategoryView.swift in Sources */,
				867F3A01296911D20035E096 /* AddAccountView.swift in Sources */,
				86E8020F296168150044ADF9 /* SettingsView.swift in Sources */,
				86E80209296167D70044ADF9 /* ChartView.swift in Sources */,
				863CD28F2969C56600C5243C /* Category.swift in Sources */,
				86B218CA2960311F00EF1CFD /* MainView.swift in Sources */,
				86E80215296885020044ADF9 /* AddTransactionView.swift in Sources */,
				86B218C82960311F00EF1CFD /* MyWalletApp.swift in Sources */,
				863CD28D2969775B00C5243C /* DefaultDataVM.swift in Sources */,
				867F39FF2969113A0035E096 /* AccountListView.swift in Sources */,
			);
			runOnlyForDeploymentPostprocessing = 0;
		};
/* End PBXSourcesBuildPhase section */

/* Begin XCBuildConfiguration section */
		86B218D52960312100EF1CFD /* Debug */ = {
			isa = XCBuildConfiguration;
			buildSettings = {
				ALWAYS_SEARCH_USER_PATHS = NO;
				CLANG_ANALYZER_NONNULL = YES;
				CLANG_ANALYZER_NUMBER_OBJECT_CONVERSION = YES_AGGRESSIVE;
				CLANG_CXX_LANGUAGE_STANDARD = "gnu++20";
				CLANG_ENABLE_MODULES = YES;
				CLANG_ENABLE_OBJC_ARC = YES;
				CLANG_ENABLE_OBJC_WEAK = YES;
				CLANG_WARN_BLOCK_CAPTURE_AUTORELEASING = YES;
				CLANG_WARN_BOOL_CONVERSION = YES;
				CLANG_WARN_COMMA = YES;
				CLANG_WARN_CONSTANT_CONVERSION = YES;
				CLANG_WARN_DEPRECATED_OBJC_IMPLEMENTATIONS = YES;
				CLANG_WARN_DIRECT_OBJC_ISA_USAGE = YES_ERROR;
				CLANG_WARN_DOCUMENTATION_COMMENTS = YES;
				CLANG_WARN_EMPTY_BODY = YES;
				CLANG_WARN_ENUM_CONVERSION = YES;
				CLANG_WARN_INFINITE_RECURSION = YES;
				CLANG_WARN_INT_CONVERSION = YES;
				CLANG_WARN_NON_LITERAL_NULL_CONVERSION = YES;
				CLANG_WARN_OBJC_IMPLICIT_RETAIN_SELF = YES;
				CLANG_WARN_OBJC_LITERAL_CONVERSION = YES;
				CLANG_WARN_OBJC_ROOT_CLASS = YES_ERROR;
				CLANG_WARN_QUOTED_INCLUDE_IN_FRAMEWORK_HEADER = YES;
				CLANG_WARN_RANGE_LOOP_ANALYSIS = YES;
				CLANG_WARN_STRICT_PROTOTYPES = YES;
				CLANG_WARN_SUSPICIOUS_MOVE = YES;
				CLANG_WARN_UNGUARDED_AVAILABILITY = YES_AGGRESSIVE;
				CLANG_WARN_UNREACHABLE_CODE = YES;
				CLANG_WARN__DUPLICATE_METHOD_MATCH = YES;
				COPY_PHASE_STRIP = NO;
				DEBUG_INFORMATION_FORMAT = dwarf;
				ENABLE_STRICT_OBJC_MSGSEND = YES;
				ENABLE_TESTABILITY = YES;
				GCC_C_LANGUAGE_STANDARD = gnu11;
				GCC_DYNAMIC_NO_PIC = NO;
				GCC_NO_COMMON_BLOCKS = YES;
				GCC_OPTIMIZATION_LEVEL = 0;
				GCC_PREPROCESSOR_DEFINITIONS = (
					"DEBUG=1",
					"$(inherited)",
				);
				GCC_WARN_64_TO_32_BIT_CONVERSION = YES;
				GCC_WARN_ABOUT_RETURN_TYPE = YES_ERROR;
				GCC_WARN_UNDECLARED_SELECTOR = YES;
				GCC_WARN_UNINITIALIZED_AUTOS = YES_AGGRESSIVE;
				GCC_WARN_UNUSED_FUNCTION = YES;
				GCC_WARN_UNUSED_VARIABLE = YES;
				IPHONEOS_DEPLOYMENT_TARGET = 16.1;
				MTL_ENABLE_DEBUG_INFO = INCLUDE_SOURCE;
				MTL_FAST_MATH = YES;
				ONLY_ACTIVE_ARCH = YES;
				SDKROOT = iphoneos;
				SWIFT_ACTIVE_COMPILATION_CONDITIONS = DEBUG;
				SWIFT_OPTIMIZATION_LEVEL = "-Onone";
			};
			name = Debug;
		};
		86B218D62960312100EF1CFD /* Release */ = {
			isa = XCBuildConfiguration;
			buildSettings = {
				ALWAYS_SEARCH_USER_PATHS = NO;
				CLANG_ANALYZER_NONNULL = YES;
				CLANG_ANALYZER_NUMBER_OBJECT_CONVERSION = YES_AGGRESSIVE;
				CLANG_CXX_LANGUAGE_STANDARD = "gnu++20";
				CLANG_ENABLE_MODULES = YES;
				CLANG_ENABLE_OBJC_ARC = YES;
				CLANG_ENABLE_OBJC_WEAK = YES;
				CLANG_WARN_BLOCK_CAPTURE_AUTORELEASING = YES;
				CLANG_WARN_BOOL_CONVERSION = YES;
				CLANG_WARN_COMMA = YES;
				CLANG_WARN_CONSTANT_CONVERSION = YES;
				CLANG_WARN_DEPRECATED_OBJC_IMPLEMENTATIONS = YES;
				CLANG_WARN_DIRECT_OBJC_ISA_USAGE = YES_ERROR;
				CLANG_WARN_DOCUMENTATION_COMMENTS = YES;
				CLANG_WARN_EMPTY_BODY = YES;
				CLANG_WARN_ENUM_CONVERSION = YES;
				CLANG_WARN_INFINITE_RECURSION = YES;
				CLANG_WARN_INT_CONVERSION = YES;
				CLANG_WARN_NON_LITERAL_NULL_CONVERSION = YES;
				CLANG_WARN_OBJC_IMPLICIT_RETAIN_SELF = YES;
				CLANG_WARN_OBJC_LITERAL_CONVERSION = YES;
				CLANG_WARN_OBJC_ROOT_CLASS = YES_ERROR;
				CLANG_WARN_QUOTED_INCLUDE_IN_FRAMEWORK_HEADER = YES;
				CLANG_WARN_RANGE_LOOP_ANALYSIS = YES;
				CLANG_WARN_STRICT_PROTOTYPES = YES;
				CLANG_WARN_SUSPICIOUS_MOVE = YES;
				CLANG_WARN_UNGUARDED_AVAILABILITY = YES_AGGRESSIVE;
				CLANG_WARN_UNREACHABLE_CODE = YES;
				CLANG_WARN__DUPLICATE_METHOD_MATCH = YES;
				COPY_PHASE_STRIP = NO;
				DEBUG_INFORMATION_FORMAT = "dwarf-with-dsym";
				ENABLE_NS_ASSERTIONS = NO;
				ENABLE_STRICT_OBJC_MSGSEND = YES;
				GCC_C_LANGUAGE_STANDARD = gnu11;
				GCC_NO_COMMON_BLOCKS = YES;
				GCC_WARN_64_TO_32_BIT_CONVERSION = YES;
				GCC_WARN_ABOUT_RETURN_TYPE = YES_ERROR;
				GCC_WARN_UNDECLARED_SELECTOR = YES;
				GCC_WARN_UNINITIALIZED_AUTOS = YES_AGGRESSIVE;
				GCC_WARN_UNUSED_FUNCTION = YES;
				GCC_WARN_UNUSED_VARIABLE = YES;
				IPHONEOS_DEPLOYMENT_TARGET = 16.1;
				MTL_ENABLE_DEBUG_INFO = NO;
				MTL_FAST_MATH = YES;
				SDKROOT = iphoneos;
				SWIFT_COMPILATION_MODE = wholemodule;
				SWIFT_OPTIMIZATION_LEVEL = "-O";
				VALIDATE_PRODUCT = YES;
			};
			name = Release;
		};
		86B218D82960312100EF1CFD /* Debug */ = {
			isa = XCBuildConfiguration;
			buildSettings = {
				ASSETCATALOG_COMPILER_APPICON_NAME = AppIcon;
				ASSETCATALOG_COMPILER_GLOBAL_ACCENT_COLOR_NAME = AccentColor;
				CODE_SIGN_STYLE = Automatic;
				CURRENT_PROJECT_VERSION = 1;
				DEVELOPMENT_ASSET_PATHS = "\"MyWallet/Preview Content\"";
				DEVELOPMENT_TEAM = WQLF9GWGWB;
				ENABLE_PREVIEWS = YES;
				GENERATE_INFOPLIST_FILE = YES;
				INFOPLIST_KEY_LSApplicationCategoryType = "public.app-category.finance";
				INFOPLIST_KEY_UIApplicationSceneManifest_Generation = YES;
				INFOPLIST_KEY_UIApplicationSupportsIndirectInputEvents = YES;
				INFOPLIST_KEY_UILaunchScreen_Generation = YES;
				INFOPLIST_KEY_UISupportedInterfaceOrientations_iPad = "UIInterfaceOrientationPortrait UIInterfaceOrientationPortraitUpsideDown UIInterfaceOrientationLandscapeLeft UIInterfaceOrientationLandscapeRight";
				INFOPLIST_KEY_UISupportedInterfaceOrientations_iPhone = "UIInterfaceOrientationPortrait UIInterfaceOrientationLandscapeLeft UIInterfaceOrientationLandscapeRight";
				IPHONEOS_DEPLOYMENT_TARGET = 15.0;
				LD_RUNPATH_SEARCH_PATHS = (
					"$(inherited)",
					"@executable_path/Frameworks",
				);
				MARKETING_VERSION = 1.0;
				PRODUCT_BUNDLE_IDENTIFIER = io.github.iarafathsn.MyWallet;
				PRODUCT_NAME = "$(TARGET_NAME)";
				SWIFT_EMIT_LOC_STRINGS = YES;
				SWIFT_VERSION = 5.0;
				TARGETED_DEVICE_FAMILY = "1,2";
			};
			name = Debug;
		};
		86B218D92960312100EF1CFD /* Release */ = {
			isa = XCBuildConfiguration;
			buildSettings = {
				ASSETCATALOG_COMPILER_APPICON_NAME = AppIcon;
				ASSETCATALOG_COMPILER_GLOBAL_ACCENT_COLOR_NAME = AccentColor;
				CODE_SIGN_STYLE = Automatic;
				CURRENT_PROJECT_VERSION = 1;
				DEVELOPMENT_ASSET_PATHS = "\"MyWallet/Preview Content\"";
				DEVELOPMENT_TEAM = WQLF9GWGWB;
				ENABLE_PREVIEWS = YES;
				GENERATE_INFOPLIST_FILE = YES;
				INFOPLIST_KEY_LSApplicationCategoryType = "public.app-category.finance";
				INFOPLIST_KEY_UIApplicationSceneManifest_Generation = YES;
				INFOPLIST_KEY_UIApplicationSupportsIndirectInputEvents = YES;
				INFOPLIST_KEY_UILaunchScreen_Generation = YES;
				INFOPLIST_KEY_UISupportedInterfaceOrientations_iPad = "UIInterfaceOrientationPortrait UIInterfaceOrientationPortraitUpsideDown UIInterfaceOrientationLandscapeLeft UIInterfaceOrientationLandscapeRight";
				INFOPLIST_KEY_UISupportedInterfaceOrientations_iPhone = "UIInterfaceOrientationPortrait UIInterfaceOrientationLandscapeLeft UIInterfaceOrientationLandscapeRight";
				IPHONEOS_DEPLOYMENT_TARGET = 15.0;
				LD_RUNPATH_SEARCH_PATHS = (
					"$(inherited)",
					"@executable_path/Frameworks",
				);
				MARKETING_VERSION = 1.0;
				PRODUCT_BUNDLE_IDENTIFIER = io.github.iarafathsn.MyWallet;
				PRODUCT_NAME = "$(TARGET_NAME)";
				SWIFT_EMIT_LOC_STRINGS = YES;
				SWIFT_VERSION = 5.0;
				TARGETED_DEVICE_FAMILY = "1,2";
			};
			name = Release;
		};
/* End XCBuildConfiguration section */

/* Begin XCConfigurationList section */
		86B218BF2960311F00EF1CFD /* Build configuration list for PBXProject "MyWallet" */ = {
			isa = XCConfigurationList;
			buildConfigurations = (
				86B218D52960312100EF1CFD /* Debug */,
				86B218D62960312100EF1CFD /* Release */,
			);
			defaultConfigurationIsVisible = 0;
			defaultConfigurationName = Release;
		};
		86B218D72960312100EF1CFD /* Build configuration list for PBXNativeTarget "MyWallet" */ = {
			isa = XCConfigurationList;
			buildConfigurations = (
				86B218D82960312100EF1CFD /* Debug */,
				86B218D92960312100EF1CFD /* Release */,
			);
			defaultConfigurationIsVisible = 0;
			defaultConfigurationName = Release;
		};
/* End XCConfigurationList section */

/* Begin XCVersionGroup section */
		86B218D22960312100EF1CFD /* MyWallet.xcdatamodeld */ = {
			isa = XCVersionGroup;
			children = (
				86B218D32960312100EF1CFD /* MyWallet.xcdatamodel */,
			);
			currentVersion = 86B218D32960312100EF1CFD /* MyWallet.xcdatamodel */;
			path = MyWallet.xcdatamodeld;
			sourceTree = "<group>";
			versionGroupType = wrapper.xcdatamodel;
		};
/* End XCVersionGroup section */
	};
	rootObject = 86B218BC2960311F00EF1CFD /* Project object */;
}
